
Microsoft Visual Studio Solution File, Format Version 12.00
# Visual Studio Version 17
VisualStudioVersion = 17.13.35828.75 d17.13
MinimumVisualStudioVersion = 10.0.40219.1
Project("{FAE04EC0-301F-11D3-BF4B-00C04F79EFBC}") = "ProductivityTools.FileSharing.Api", "ProductivityTools.FileSharing.Api\ProductivityTools.FileSharing.Api.csproj", "{E77AA0BA-3B6E-4B3A-9CE1-D9686350ECA6}"
EndProject
Global
	GlobalSection(SolutionConfigurationPlatforms) = preSolution
		Debug|Any CPU = Debug|Any CPU
		Release|Any CPU = Release|Any CPU
	EndGlobalSection
	GlobalSection(ProjectConfigurationPlatforms) = postSolution
		{E77AA0BA-3B6E-4B3A-9CE1-D9686350ECA6}.Debug|Any CPU.ActiveCfg = Debug|Any CPU
		{E77AA0BA-3B6E-4B3A-9CE1-D9686350ECA6}.Debug|Any CPU.Build.0 = Debug|Any CPU
		{E77AA0BA-3B6E-4B3A-9CE1-D9686350ECA6}.Release|Any CPU.ActiveCfg = Release|Any CPU
		{E77AA0BA-3B6E-4B3A-9CE1-D9686350ECA6}.Release|Any CPU.Build.0 = Release|Any CPU
	EndGlobalSection
	GlobalSection(SolutionProperties) = preSolution
		HideSolutionNode = FALSE
	EndGlobalSection
	GlobalSection(ExtensibilityGlobals) = postSolution
		SolutionGuid = {DBC7091F-D321-4542-A75A-6293EE476992}
	EndGlobalSection
EndGlobal
